// !$*UTF8*$!
{
	archiveVersion = 1;
	classes = {
	};
	objectVersion = 77;
	objects = {

/* Begin PBXBuildFile section */
		D8F346FB2E37792F00BAE83F /* HealthManager.swift in Sources */ = {isa = PBXBuildFile; fileRef = D8F346FA2E37792F00BAE83F /* HealthManager.swift */; };
		D8F346FD2E37797300BAE83F /* CSVExporter.swift in Sources */ = {isa = PBXBuildFile; fileRef = D8F346FC2E37797300BAE83F /* CSVExporter.swift */; };
/* End PBXBuildFile section */

/* Begin PBXContainerItemProxy section */
		D8F346DE2E37776200BAE83F /* PBXContainerItemProxy */ = {
			isa = PBXContainerItemProxy;
			containerPortal = D8F346C72E37776200BAE83F /* Project object */;
			proxyType = 1;
			remoteGlobalIDString = D8F346CE2E37776200BAE83F;
			remoteInfo = "iphone-health-data";
		};
		D8F346E82E37776200BAE83F /* PBXContainerItemProxy */ = {
			isa = PBXContainerItemProxy;
			containerPortal = D8F346C72E37776200BAE83F /* Project object */;
			proxyType = 1;
			remoteGlobalIDString = D8F346CE2E37776200BAE83F;
			remoteInfo = "iphone-health-data";
		};
/* End PBXContainerItemProxy section */

/* Begin PBXFileReference section */
		D8F346CF2E37776200BAE83F /* iphone-health-data.app */ = {isa = PBXFileReference; explicitFileType = wrapper.application; includeInIndex = 0; path = "iphone-health-data.app"; sourceTree = BUILT_PRODUCTS_DIR; };
		D8F346DD2E37776200BAE83F /* iphone-health-dataTests.xctest */ = {isa = PBXFileReference; explicitFileType = wrapper.cfbundle; includeInIndex = 0; path = "iphone-health-dataTests.xctest"; sourceTree = BUILT_PRODUCTS_DIR; };
		D8F346E72E37776200BAE83F /* iphone-health-dataUITests.xctest */ = {isa = PBXFileReference; explicitFileType = wrapper.cfbundle; includeInIndex = 0; path = "iphone-health-dataUITests.xctest"; sourceTree = BUILT_PRODUCTS_DIR; };
		D8F346FA2E37792F00BAE83F /* HealthManager.swift */ = {isa = PBXFileReference; lastKnownFileType = sourcecode.swift; path = HealthManager.swift; sourceTree = "<group>"; };
		D8F346FC2E37797300BAE83F /* CSVExporter.swift */ = {isa = PBXFileReference; lastKnownFileType = sourcecode.swift; path = CSVExporter.swift; sourceTree = "<group>"; };
/* End PBXFileReference section */

/* Begin PBXFileSystemSynchronizedBuildFileExceptionSet section */
		D8F346FF2E37A39400BAE83F /* Exceptions for "iphone-health-data" folder in "iphone-health-data" target */ = {
			isa = PBXFileSystemSynchronizedBuildFileExceptionSet;
			membershipExceptions = (
				Info.plist,
			);
			target = D8F346CE2E37776200BAE83F /* iphone-health-data */;
		};
/* End PBXFileSystemSynchronizedBuildFileExceptionSet section */

/* Begin PBXFileSystemSynchronizedRootGroup section */
		D8F346D12E37776200BAE83F /* iphone-health-data */ = {
			isa = PBXFileSystemSynchronizedRootGroup;
			exceptions = (
				D8F346FF2E37A39400BAE83F /* Exceptions for "iphone-health-data" folder in "iphone-health-data" target */,
			);
			path = "iphone-health-data";
			sourceTree = "<group>";
		};
		D8F346E02E37776200BAE83F /* iphone-health-dataTests */ = {
			isa = PBXFileSystemSynchronizedRootGroup;
			path = "iphone-health-dataTests";
			sourceTree = "<group>";
		};
		D8F346EA2E37776200BAE83F /* iphone-health-dataUITests */ = {
			isa = PBXFileSystemSynchronizedRootGroup;
			path = "iphone-health-dataUITests";
			sourceTree = "<group>";
		};
/* End PBXFileSystemSynchronizedRootGroup section */

/* Begin PBXFrameworksBuildPhase section */
		D8F346CC2E37776200BAE83F /* Frameworks */ = {
			isa = PBXFrameworksBuildPhase;
			buildActionMask = 2147483647;
			files = (
			);
			runOnlyForDeploymentPostprocessing = 0;
		};
		D8F346DA2E37776200BAE83F /* Frameworks */ = {
			isa = PBXFrameworksBuildPhase;
			buildActionMask = 2147483647;
			files = (
			);
			runOnlyForDeploymentPostprocessing = 0;
		};
		D8F346E42E37776200BAE83F /* Frameworks */ = {
			isa = PBXFrameworksBuildPhase;
			buildActionMask = 2147483647;
			files = (
			);
			runOnlyForDeploymentPostprocessing = 0;
		};
/* End PBXFrameworksBuildPhase section */

/* Begin PBXGroup section */
		D8F346C62E37776200BAE83F = {
			isa = PBXGroup;
			children = (
				D8F346FA2E37792F00BAE83F /* HealthManager.swift */,
				D8F346FC2E37797300BAE83F /* CSVExporter.swift */,
				D8F346D12E37776200BAE83F /* iphone-health-data */,
				D8F346E02E37776200BAE83F /* iphone-health-dataTests */,
				D8F346EA2E37776200BAE83F /* iphone-health-dataUITests */,
				D8F346D02E37776200BAE83F /* Products */,
			);
			sourceTree = "<group>";
		};
		D8F346D02E37776200BAE83F /* Products */ = {
			isa = PBXGroup;
			children = (
				D8F346CF2E37776200BAE83F /* iphone-health-data.app */,
				D8F346DD2E37776200BAE83F /* iphone-health-dataTests.xctest */,
				D8F346E72E37776200BAE83F /* iphone-health-dataUITests.xctest */,
			);
			name = Products;
			sourceTree = "<group>";
		};
/* End PBXGroup section */

/* Begin PBXNativeTarget section */
		D8F346CE2E37776200BAE83F /* iphone-health-data */ = {
			isa = PBXNativeTarget;
			buildConfigurationList = D8F346F12E37776200BAE83F /* Build configuration list for PBXNativeTarget "iphone-health-data" */;
			buildPhases = (
				D8F346CB2E37776200BAE83F /* Sources */,
				D8F346CC2E37776200BAE83F /* Frameworks */,
				D8F346CD2E37776200BAE83F /* Resources */,
			);
			buildRules = (
			);
			dependencies = (
			);
			fileSystemSynchronizedGroups = (
				D8F346D12E37776200BAE83F /* iphone-health-data */,
			);
			name = "iphone-health-data";
			packageProductDependencies = (
			);
			productName = "iphone-health-data";
			productReference = D8F346CF2E37776200BAE83F /* iphone-health-data.app */;
			productType = "com.apple.product-type.application";
		};
		D8F346DC2E37776200BAE83F /* iphone-health-dataTests */ = {
			isa = PBXNativeTarget;
			buildConfigurationList = D8F346F42E37776200BAE83F /* Build configuration list for PBXNativeTarget "iphone-health-dataTests" */;
			buildPhases = (
				D8F346D92E37776200BAE83F /* Sources */,
				D8F346DA2E37776200BAE83F /* Frameworks */,
				D8F346DB2E37776200BAE83F /* Resources */,
			);
			buildRules = (
			);
			dependencies = (
				D8F346DF2E37776200BAE83F /* PBXTargetDependency */,
			);
			fileSystemSynchronizedGroups = (
				D8F346E02E37776200BAE83F /* iphone-health-dataTests */,
			);
			name = "iphone-health-dataTests";
			packageProductDependencies = (
			);
			productName = "iphone-health-dataTests";
			productReference = D8F346DD2E37776200BAE83F /* iphone-health-dataTests.xctest */;
			productType = "com.apple.product-type.bundle.unit-test";
		};
		D8F346E62E37776200BAE83F /* iphone-health-dataUITests */ = {
			isa = PBXNativeTarget;
			buildConfigurationList = D8F346F72E37776200BAE83F /* Build configuration list for PBXNativeTarget "iphone-health-dataUITests" */;
			buildPhases = (
				D8F346E32E37776200BAE83F /* Sources */,
				D8F346E42E37776200BAE83F /* Frameworks */,
				D8F346E52E37776200BAE83F /* Resources */,
			);
			buildRules = (
			);
			dependencies = (
				D8F346E92E37776200BAE83F /* PBXTargetDependency */,
			);
			fileSystemSynchronizedGroups = (
				D8F346EA2E37776200BAE83F /* iphone-health-dataUITests */,
			);
			name = "iphone-health-dataUITests";
			packageProductDependencies = (
			);
			productName = "iphone-health-dataUITests";
			productReference = D8F346E72E37776200BAE83F /* iphone-health-dataUITests.xctest */;
			productType = "com.apple.product-type.bundle.ui-testing";
		};
/* End PBXNativeTarget section */

/* Begin PBXProject section */
		D8F346C72E37776200BAE83F /* Project object */ = {
			isa = PBXProject;
			attributes = {
				BuildIndependentTargetsInParallel = 1;
				LastSwiftUpdateCheck = 1640;
				LastUpgradeCheck = 1640;
				TargetAttributes = {
					D8F346CE2E37776200BAE83F = {
						CreatedOnToolsVersion = 16.4;
					};
					D8F346DC2E37776200BAE83F = {
						CreatedOnToolsVersion = 16.4;
						TestTargetID = D8F346CE2E37776200BAE83F;
					};
					D8F346E62E37776200BAE83F = {
						CreatedOnToolsVersion = 16.4;
						TestTargetID = D8F346CE2E37776200BAE83F;
					};
				};
			};
			buildConfigurationList = D8F346CA2E37776200BAE83F /* Build configuration list for PBXProject "iphone-health-data" */;
			developmentRegion = en;
			hasScannedForEncodings = 0;
			knownRegions = (
				en,
				Base,
			);
			mainGroup = D8F346C62E37776200BAE83F;
			minimizedProjectReferenceProxies = 1;
			preferredProjectObjectVersion = 77;
			productRefGroup = D8F346D02E37776200BAE83F /* Products */;
			projectDirPath = "";
			projectRoot = "";
			targets = (
				D8F346CE2E37776200BAE83F /* iphone-health-data */,
				D8F346DC2E37776200BAE83F /* iphone-health-dataTests */,
				D8F346E62E37776200BAE83F /* iphone-health-dataUITests */,
			);
		};
/* End PBXProject section */

/* Begin PBXResourcesBuildPhase section */
		D8F346CD2E37776200BAE83F /* Resources */ = {
			isa = PBXResourcesBuildPhase;
			buildActionMask = 2147483647;
			files = (
			);
			runOnlyForDeploymentPostprocessing = 0;
		};
		D8F346DB2E37776200BAE83F /* Resources */ = {
			isa = PBXResourcesBuildPhase;
			buildActionMask = 2147483647;
			files = (
			);
			runOnlyForDeploymentPostprocessing = 0;
		};
		D8F346E52E37776200BAE83F /* Resources */ = {
			isa = PBXResourcesBuildPhase;
			buildActionMask = 2147483647;
			files = (
			);
			runOnlyForDeploymentPostprocessing = 0;
		};
/* End PBXResourcesBuildPhase section */

/* Begin PBXSourcesBuildPhase section */
		D8F346CB2E37776200BAE83F /* Sources */ = {
			isa = PBXSourcesBuildPhase;
			buildActionMask = 2147483647;
			files = (
				D8F346FD2E37797300BAE83F /* CSVExporter.swift in Sources */,
				D8F346FB2E37792F00BAE83F /* HealthManager.swift in Sources */,
			);
			runOnlyForDeploymentPostprocessing = 0;
		};
		D8F346D92E37776200BAE83F /* Sources */ = {
			isa = PBXSourcesBuildPhase;
			buildActionMask = 2147483647;
			files = (
			);
			runOnlyForDeploymentPostprocessing = 0;
		};
		D8F346E32E37776200BAE83F /* Sources */ = {
			isa = PBXSourcesBuildPhase;
			buildActionMask = 2147483647;
			files = (
			);
			runOnlyForDeploymentPostprocessing = 0;
		};
/* End PBXSourcesBuildPhase section */

/* Begin PBXTargetDependency section */
		D8F346DF2E37776200BAE83F /* PBXTargetDependency */ = {
			isa = PBXTargetDependency;
			target = D8F346CE2E37776200BAE83F /* iphone-health-data */;
			targetProxy = D8F346DE2E37776200BAE83F /* PBXContainerItemProxy */;
		};
		D8F346E92E37776200BAE83F /* PBXTargetDependency */ = {
			isa = PBXTargetDependency;
			target = D8F346CE2E37776200BAE83F /* iphone-health-data */;
			targetProxy = D8F346E82E37776200BAE83F /* PBXContainerItemProxy */;
		};
/* End PBXTargetDependency section */

/* Begin XCBuildConfiguration section */
		D8F346EF2E37776200BAE83F /* Debug */ = {
			isa = XCBuildConfiguration;
			buildSettings = {
				ALWAYS_SEARCH_USER_PATHS = NO;
				ASSETCATALOG_COMPILER_GENERATE_SWIFT_ASSET_SYMBOL_EXTENSIONS = YES;
				CLANG_ANALYZER_NONNULL = YES;
				CLANG_ANALYZER_NUMBER_OBJECT_CONVERSION = YES_AGGRESSIVE;
				CLANG_CXX_LANGUAGE_STANDARD = "gnu++20";
				CLANG_ENABLE_MODULES = YES;
				CLANG_ENABLE_OBJC_ARC = YES;
				CLANG_ENABLE_OBJC_WEAK = YES;
				CLANG_WARN_BLOCK_CAPTURE_AUTORELEASING = YES;
				CLANG_WARN_BOOL_CONVERSION = YES;
				CLANG_WARN_COMMA = YES;
				CLANG_WARN_CONSTANT_CONVERSION = YES;
				CLANG_WARN_DEPRECATED_OBJC_IMPLEMENTATIONS = YES;
				CLANG_WARN_DIRECT_OBJC_ISA_USAGE = YES_ERROR;
				CLANG_WARN_DOCUMENTATION_COMMENTS = YES;
				CLANG_WARN_EMPTY_BODY = YES;
				CLANG_WARN_ENUM_CONVERSION = YES;
				CLANG_WARN_INFINITE_RECURSION = YES;
				CLANG_WARN_INT_CONVERSION = YES;
				CLANG_WARN_NON_LITERAL_NULL_CONVERSION = YES;
				CLANG_WARN_OBJC_IMPLICIT_RETAIN_SELF = YES;
				CLANG_WARN_OBJC_LITERAL_CONVERSION = YES;
				CLANG_WARN_OBJC_ROOT_CLASS = YES_ERROR;
				CLANG_WARN_QUOTED_INCLUDE_IN_FRAMEWORK_HEADER = YES;
				CLANG_WARN_RANGE_LOOP_ANALYSIS = YES;
				CLANG_WARN_STRICT_PROTOTYPES = YES;
				CLANG_WARN_SUSPICIOUS_MOVE = YES;
				CLANG_WARN_UNGUARDED_AVAILABILITY = YES_AGGRESSIVE;
				CLANG_WARN_UNREACHABLE_CODE = YES;
				CLANG_WARN__DUPLICATE_METHOD_MATCH = YES;
				COPY_PHASE_STRIP = NO;
				DEBUG_INFORMATION_FORMAT = dwarf;
				ENABLE_STRICT_OBJC_MSGSEND = YES;
				ENABLE_TESTABILITY = YES;
				ENABLE_USER_SCRIPT_SANDBOXING = YES;
				GCC_C_LANGUAGE_STANDARD = gnu17;
				GCC_DYNAMIC_NO_PIC = NO;
				GCC_NO_COMMON_BLOCKS = YES;
				GCC_OPTIMIZATION_LEVEL = 0;
				GCC_PREPROCESSOR_DEFINITIONS = (
					"DEBUG=1",
					"$(inherited)",
				);
				GCC_WARN_64_TO_32_BIT_CONVERSION = YES;
				GCC_WARN_ABOUT_RETURN_TYPE = YES_ERROR;
				GCC_WARN_UNDECLARED_SELECTOR = YES;
				GCC_WARN_UNINITIALIZED_AUTOS = YES_AGGRESSIVE;
				GCC_WARN_UNUSED_FUNCTION = YES;
				GCC_WARN_UNUSED_VARIABLE = YES;
				LOCALIZATION_PREFERS_STRING_CATALOGS = YES;
				MTL_ENABLE_DEBUG_INFO = INCLUDE_SOURCE;
				MTL_FAST_MATH = YES;
				ONLY_ACTIVE_ARCH = YES;
				SWIFT_ACTIVE_COMPILATION_CONDITIONS = "DEBUG $(inherited)";
				SWIFT_OPTIMIZATION_LEVEL = "-Onone";
			};
			name = Debug;
		};
		D8F346F02E37776200BAE83F /* Release */ = {
			isa = XCBuildConfiguration;
			buildSettings = {
				ALWAYS_SEARCH_USER_PATHS = NO;
				ASSETCATALOG_COMPILER_GENERATE_SWIFT_ASSET_SYMBOL_EXTENSIONS = YES;
				CLANG_ANALYZER_NONNULL = YES;
				CLANG_ANALYZER_NUMBER_OBJECT_CONVERSION = YES_AGGRESSIVE;
				CLANG_CXX_LANGUAGE_STANDARD = "gnu++20";
				CLANG_ENABLE_MODULES = YES;
				CLANG_ENABLE_OBJC_ARC = YES;
				CLANG_ENABLE_OBJC_WEAK = YES;
				CLANG_WARN_BLOCK_CAPTURE_AUTORELEASING = YES;
				CLANG_WARN_BOOL_CONVERSION = YES;
				CLANG_WARN_COMMA = YES;
				CLANG_WARN_CONSTANT_CONVERSION = YES;
				CLANG_WARN_DEPRECATED_OBJC_IMPLEMENTATIONS = YES;
				CLANG_WARN_DIRECT_OBJC_ISA_USAGE = YES_ERROR;
				CLANG_WARN_DOCUMENTATION_COMMENTS = YES;
				CLANG_WARN_EMPTY_BODY = YES;
				CLANG_WARN_ENUM_CONVERSION = YES;
				CLANG_WARN_INFINITE_RECURSION = YES;
				CLANG_WARN_INT_CONVERSION = YES;
				CLANG_WARN_NON_LITERAL_NULL_CONVERSION = YES;
				CLANG_WARN_OBJC_IMPLICIT_RETAIN_SELF = YES;
				CLANG_WARN_OBJC_LITERAL_CONVERSION = YES;
				CLANG_WARN_OBJC_ROOT_CLASS = YES_ERROR;
				CLANG_WARN_QUOTED_INCLUDE_IN_FRAMEWORK_HEADER = YES;
				CLANG_WARN_RANGE_LOOP_ANALYSIS = YES;
				CLANG_WARN_STRICT_PROTOTYPES = YES;
				CLANG_WARN_SUSPICIOUS_MOVE = YES;
				CLANG_WARN_UNGUARDED_AVAILABILITY = YES_AGGRESSIVE;
				CLANG_WARN_UNREACHABLE_CODE = YES;
				CLANG_WARN__DUPLICATE_METHOD_MATCH = YES;
				COPY_PHASE_STRIP = NO;
				DEBUG_INFORMATION_FORMAT = "dwarf-with-dsym";
				ENABLE_NS_ASSERTIONS = NO;
				ENABLE_STRICT_OBJC_MSGSEND = YES;
				ENABLE_USER_SCRIPT_SANDBOXING = YES;
				GCC_C_LANGUAGE_STANDARD = gnu17;
				GCC_NO_COMMON_BLOCKS = YES;
				GCC_WARN_64_TO_32_BIT_CONVERSION = YES;
				GCC_WARN_ABOUT_RETURN_TYPE = YES_ERROR;
				GCC_WARN_UNDECLARED_SELECTOR = YES;
				GCC_WARN_UNINITIALIZED_AUTOS = YES_AGGRESSIVE;
				GCC_WARN_UNUSED_FUNCTION = YES;
				GCC_WARN_UNUSED_VARIABLE = YES;
				LOCALIZATION_PREFERS_STRING_CATALOGS = YES;
				MTL_ENABLE_DEBUG_INFO = NO;
				MTL_FAST_MATH = YES;
				SWIFT_COMPILATION_MODE = wholemodule;
			};
			name = Release;
		};
		D8F346F22E37776200BAE83F /* Debug */ = {
			isa = XCBuildConfiguration;
			buildSettings = {
				ASSETCATALOG_COMPILER_APPICON_NAME = AppIcon;
				ASSETCATALOG_COMPILER_GLOBAL_ACCENT_COLOR_NAME = AccentColor;
				CODE_SIGN_ENTITLEMENTS = "iphone-health-data/iphone_health_data.entitlements";
				CODE_SIGN_STYLE = Automatic;
				CURRENT_PROJECT_VERSION = 1;
				DEVELOPMENT_TEAM = YAJ3PSP43Z;
				ENABLE_PREVIEWS = YES;
				GENERATE_INFOPLIST_FILE = YES;
				INFOPLIST_FILE = "iphone-health-data/Info.plist";
				INFOPLIST_KEY_NSHealthShareUsageDescription = "This app needs access to your step count data to track your fitness activity.";
				"INFOPLIST_KEY_UIApplicationSceneManifest_Generation[sdk=iphoneos*]" = YES;
				"INFOPLIST_KEY_UIApplicationSceneManifest_Generation[sdk=iphonesimulator*]" = YES;
				"INFOPLIST_KEY_UIApplicationSupportsIndirectInputEvents[sdk=iphoneos*]" = YES;
				"INFOPLIST_KEY_UIApplicationSupportsIndirectInputEvents[sdk=iphonesimulator*]" = YES;
				"INFOPLIST_KEY_UILaunchScreen_Generation[sdk=iphoneos*]" = YES;
				"INFOPLIST_KEY_UILaunchScreen_Generation[sdk=iphonesimulator*]" = YES;
				"INFOPLIST_KEY_UIStatusBarStyle[sdk=iphoneos*]" = UIStatusBarStyleDefault;
				"INFOPLIST_KEY_UIStatusBarStyle[sdk=iphonesimulator*]" = UIStatusBarStyleDefault;
				INFOPLIST_KEY_UISupportedInterfaceOrientations_iPad = "UIInterfaceOrientationPortrait UIInterfaceOrientationPortraitUpsideDown UIInterfaceOrientationLandscapeLeft UIInterfaceOrientationLandscapeRight";
				INFOPLIST_KEY_UISupportedInterfaceOrientations_iPhone = "UIInterfaceOrientationPortrait UIInterfaceOrientationLandscapeLeft UIInterfaceOrientationLandscapeRight";
				IPHONEOS_DEPLOYMENT_TARGET = 18.5;
				LD_RUNPATH_SEARCH_PATHS = "@executable_path/Frameworks";
				"LD_RUNPATH_SEARCH_PATHS[sdk=macosx*]" = "@executable_path/../Frameworks";
				MACOSX_DEPLOYMENT_TARGET = 15.5;
				MARKETING_VERSION = 1.0;
				PRODUCT_BUNDLE_IDENTIFIER = "safestorage.iphone-health-data";
				PRODUCT_NAME = "$(TARGET_NAME)";
				REGISTER_APP_GROUPS = YES;
				SDKROOT = auto;
				SUPPORTED_PLATFORMS = "iphoneos iphonesimulator macosx xros xrsimulator";
				SWIFT_EMIT_LOC_STRINGS = YES;
				SWIFT_VERSION = 5.0;
				TARGETED_DEVICE_FAMILY = "1,2,7";
				XROS_DEPLOYMENT_TARGET = 2.5;
			};
			name = Debug;
		};
		D8F346F32E37776200BAE83F /* Release */ = {
			isa = XCBuildConfiguration;
			buildSettings = {
				ASSETCATALOG_COMPILER_APPICON_NAME = AppIcon;
				ASSETCATALOG_COMPILER_GLOBAL_ACCENT_COLOR_NAME = AccentColor;
				CODE_SIGN_ENTITLEMENTS = "iphone-health-data/iphone_health_data.entitlements";
				CODE_SIGN_STYLE = Automatic;
				CURRENT_PROJECT_VERSION = 1;
				DEVELOPMENT_TEAM = YAJ3PSP43Z;
				ENABLE_PREVIEWS = YES;
				GENERATE_INFOPLIST_FILE = YES;
				INFOPLIST_FILE = "iphone-health-data/Info.plist";
				INFOPLIST_KEY_NSHealthShareUsageDescription = "This app needs access to your step count data to track your fitness activity.";
				"INFOPLIST_KEY_UIApplicationSceneManifest_Generation[sdk=iphoneos*]" = YES;
				"INFOPLIST_KEY_UIApplicationSceneManifest_Generation[sdk=iphonesimulator*]" = YES;
				"INFOPLIST_KEY_UIApplicationSupportsIndirectInputEvents[sdk=iphoneos*]" = YES;
				"INFOPLIST_KEY_UIApplicationSupportsIndirectInputEvents[sdk=iphonesimulator*]" = YES;
				"INFOPLIST_KEY_UILaunchScreen_Generation[sdk=iphoneos*]" = YES;
				"INFOPLIST_KEY_UILaunchScreen_Generation[sdk=iphonesimulator*]" = YES;
				"INFOPLIST_KEY_UIStatusBarStyle[sdk=iphoneos*]" = UIStatusBarStyleDefault;
				"INFOPLIST_KEY_UIStatusBarStyle[sdk=iphonesimulator*]" = UIStatusBarStyleDefault;
				INFOPLIST_KEY_UISupportedInterfaceOrientations_iPad = "UIInterfaceOrientationPortrait UIInterfaceOrientationPortraitUpsideDown UIInterfaceOrientationLandscapeLeft UIInterfaceOrientationLandscapeRight";
				INFOPLIST_KEY_UISupportedInterfaceOrientations_iPhone = "UIInterfaceOrientationPortrait UIInterfaceOrientationLandscapeLeft UIInterfaceOrientationLandscapeRight";
				IPHONEOS_DEPLOYMENT_TARGET = 18.5;
				LD_RUNPATH_SEARCH_PATHS = "@executable_path/Frameworks";
				"LD_RUNPATH_SEARCH_PATHS[sdk=macosx*]" = "@executable_path/../Frameworks";
				MACOSX_DEPLOYMENT_TARGET = 15.5;
				MARKETING_VERSION = 1.0;
				PRODUCT_BUNDLE_IDENTIFIER = "safestorage.iphone-health-data";
				PRODUCT_NAME = "$(TARGET_NAME)";
				REGISTER_APP_GROUPS = YES;
				SDKROOT = auto;
				SUPPORTED_PLATFORMS = "iphoneos iphonesimulator macosx xros xrsimulator";
				SWIFT_EMIT_LOC_STRINGS = YES;
				SWIFT_VERSION = 5.0;
				TARGETED_DEVICE_FAMILY = "1,2,7";
				XROS_DEPLOYMENT_TARGET = 2.5;
			};
			name = Release;
		};
		D8F346F52E37776200BAE83F /* Debug */ = {
			isa = XCBuildConfiguration;
			buildSettings = {
				BUNDLE_LOADER = "$(TEST_HOST)";
				CODE_SIGN_STYLE = Automatic;
				CURRENT_PROJECT_VERSION = 1;
				GENERATE_INFOPLIST_FILE = YES;
				IPHONEOS_DEPLOYMENT_TARGET = 18.5;
				MACOSX_DEPLOYMENT_TARGET = 15.5;
				MARKETING_VERSION = 1.0;
				PRODUCT_BUNDLE_IDENTIFIER = "safestorage.iphone-health-dataTests";
				PRODUCT_NAME = "$(TARGET_NAME)";
				SDKROOT = auto;
				SUPPORTED_PLATFORMS = "iphoneos iphonesimulator macosx xros xrsimulator";
				SWIFT_EMIT_LOC_STRINGS = NO;
				SWIFT_VERSION = 5.0;
				TARGETED_DEVICE_FAMILY = "1,2,7";
				TEST_HOST = "$(BUILT_PRODUCTS_DIR)/iphone-health-data.app/$(BUNDLE_EXECUTABLE_FOLDER_PATH)/iphone-health-data";
				XROS_DEPLOYMENT_TARGET = 2.5;
			};
			name = Debug;
		};
		D8F346F62E37776200BAE83F /* Release */ = {
			isa = XCBuildConfiguration;
			buildSettings = {
				BUNDLE_LOADER = "$(TEST_HOST)";
				CODE_SIGN_STYLE = Automatic;
				CURRENT_PROJECT_VERSION = 1;
				GENERATE_INFOPLIST_FILE = YES;
				IPHONEOS_DEPLOYMENT_TARGET = 18.5;
				MACOSX_DEPLOYMENT_TARGET = 15.5;
				MARKETING_VERSION = 1.0;
				PRODUCT_BUNDLE_IDENTIFIER = "safestorage.iphone-health-dataTests";
				PRODUCT_NAME = "$(TARGET_NAME)";
				SDKROOT = auto;
				SUPPORTED_PLATFORMS = "iphoneos iphonesimulator macosx xros xrsimulator";
				SWIFT_EMIT_LOC_STRINGS = NO;
				SWIFT_VERSION = 5.0;
				TARGETED_DEVICE_FAMILY = "1,2,7";
				TEST_HOST = "$(BUILT_PRODUCTS_DIR)/iphone-health-data.app/$(BUNDLE_EXECUTABLE_FOLDER_PATH)/iphone-health-data";
				XROS_DEPLOYMENT_TARGET = 2.5;
			};
			name = Release;
		};
		D8F346F82E37776200BAE83F /* Debug */ = {
			isa = XCBuildConfiguration;
			buildSettings = {
				CODE_SIGN_STYLE = Automatic;
				CURRENT_PROJECT_VERSION = 1;
				GENERATE_INFOPLIST_FILE = YES;
				IPHONEOS_DEPLOYMENT_TARGET = 18.5;
				MACOSX_DEPLOYMENT_TARGET = 15.5;
				MARKETING_VERSION = 1.0;
				PRODUCT_BUNDLE_IDENTIFIER = "safestorage.iphone-health-dataUITests";
				PRODUCT_NAME = "$(TARGET_NAME)";
				SDKROOT = auto;
				SUPPORTED_PLATFORMS = "iphoneos iphonesimulator macosx xros xrsimulator";
				SWIFT_EMIT_LOC_STRINGS = NO;
				SWIFT_VERSION = 5.0;
				TARGETED_DEVICE_FAMILY = "1,2,7";
				TEST_TARGET_NAME = "iphone-health-data";
				XROS_DEPLOYMENT_TARGET = 2.5;
			};
			name = Debug;
		};
		D8F346F92E37776200BAE83F /* Release */ = {
			isa = XCBuildConfiguration;
			buildSettings = {
				CODE_SIGN_STYLE = Automatic;
				CURRENT_PROJECT_VERSION = 1;
				GENERATE_INFOPLIST_FILE = YES;
				IPHONEOS_DEPLOYMENT_TARGET = 18.5;
				MACOSX_DEPLOYMENT_TARGET = 15.5;
				MARKETING_VERSION = 1.0;
				PRODUCT_BUNDLE_IDENTIFIER = "safestorage.iphone-health-dataUITests";
				PRODUCT_NAME = "$(TARGET_NAME)";
				SDKROOT = auto;
				SUPPORTED_PLATFORMS = "iphoneos iphonesimulator macosx xros xrsimulator";
				SWIFT_EMIT_LOC_STRINGS = NO;
				SWIFT_VERSION = 5.0;
				TARGETED_DEVICE_FAMILY = "1,2,7";
				TEST_TARGET_NAME = "iphone-health-data";
				XROS_DEPLOYMENT_TARGET = 2.5;
			};
			name = Release;
		};
/* End XCBuildConfiguration section */

/* Begin XCConfigurationList section */
		D8F346CA2E37776200BAE83F /* Build configuration list for PBXProject "iphone-health-data" */ = {
			isa = XCConfigurationList;
			buildConfigurations = (
				D8F346EF2E37776200BAE83F /* Debug */,
				D8F346F02E37776200BAE83F /* Release */,
			);
			defaultConfigurationIsVisible = 0;
			defaultConfigurationName = Release;
		};
		D8F346F12E37776200BAE83F /* Build configuration list for PBXNativeTarget "iphone-health-data" */ = {
			isa = XCConfigurationList;
			buildConfigurations = (
				D8F346F22E37776200BAE83F /* Debug */,
				D8F346F32E37776200BAE83F /* Release */,
			);
			defaultConfigurationIsVisible = 0;
			defaultConfigurationName = Release;
		};
		D8F346F42E37776200BAE83F /* Build configuration list for PBXNativeTarget "iphone-health-dataTests" */ = {
			isa = XCConfigurationList;
			buildConfigurations = (
				D8F346F52E37776200BAE83F /* Debug */,
				D8F346F62E37776200BAE83F /* Release */,
			);
			defaultConfigurationIsVisible = 0;
			defaultConfigurationName = Release;
		};
		D8F346F72E37776200BAE83F /* Build configuration list for PBXNativeTarget "iphone-health-dataUITests" */ = {
			isa = XCConfigurationList;
			buildConfigurations = (
				D8F346F82E37776200BAE83F /* Debug */,
				D8F346F92E37776200BAE83F /* Release */,
			);
			defaultConfigurationIsVisible = 0;
			defaultConfigurationName = Release;
		};
/* End XCConfigurationList section */
	};
	rootObject = D8F346C72E37776200BAE83F /* Project object */;
}
