// !$*UTF8*$!
{
	archiveVersion = 1;
	classes = {
	};
	objectVersion = 77;
	objects = {

/* Begin PBXBuildFile section */
		D822E4332E37753900B02649 /* CSVExporter.swift in Sources */ = {isa = PBXBuildFile; fileRef = D822E4322E37753900B02649 /* CSVExporter.swift */; };
/* End PBXBuildFile section */

/* Begin PBXContainerItemProxy section */
		D822E4142E3676D900B02649 /* PBXContainerItemProxy */ = {
			isa = PBXContainerItemProxy;
			containerPortal = D822E3FD2E3676D800B02649 /* Project object */;
			proxyType = 1;
			remoteGlobalIDString = D822E4042E3676D800B02649;
			remoteInfo = "healthdata-extract";
		};
		D822E41E2E3676D900B02649 /* PBXContainerItemProxy */ = {
			isa = PBXContainerItemProxy;
			containerPortal = D822E3FD2E3676D800B02649 /* Project object */;
			proxyType = 1;
			remoteGlobalIDString = D822E4042E3676D800B02649;
			remoteInfo = "healthdata-extract";
		};
/* End PBXContainerItemProxy section */

/* Begin PBXFileReference section */
		D822E4052E3676D800B02649 /* healthdata-extract.app */ = {isa = PBXFileReference; explicitFileType = wrapper.application; includeInIndex = 0; path = "healthdata-extract.app"; sourceTree = BUILT_PRODUCTS_DIR; };
		D822E4132E3676D900B02649 /* healthdata-extractTests.xctest */ = {isa = PBXFileReference; explicitFileType = wrapper.cfbundle; includeInIndex = 0; path = "healthdata-extractTests.xctest"; sourceTree = BUILT_PRODUCTS_DIR; };
		D822E41D2E3676D900B02649 /* healthdata-extractUITests.xctest */ = {isa = PBXFileReference; explicitFileType = wrapper.cfbundle; includeInIndex = 0; path = "healthdata-extractUITests.xctest"; sourceTree = BUILT_PRODUCTS_DIR; };
		D822E4322E37753900B02649 /* CSVExporter.swift */ = {isa = PBXFileReference; lastKnownFileType = sourcecode.swift; path = CSVExporter.swift; sourceTree = "<group>"; };
/* End PBXFileReference section */

/* Begin PBXFileSystemSynchronizedBuildFileExceptionSet section */
		D822E4312E367D8F00B02649 /* Exceptions for "healthdata-extract" folder in "healthdata-extract" target */ = {
			isa = PBXFileSystemSynchronizedBuildFileExceptionSet;
			membershipExceptions = (
				Untitled.swift,
			);
			target = D822E4042E3676D800B02649 /* healthdata-extract */;
		};
/* End PBXFileSystemSynchronizedBuildFileExceptionSet section */

/* Begin PBXFileSystemSynchronizedRootGroup section */
		D822E4072E3676D800B02649 /* healthdata-extract */ = {
			isa = PBXFileSystemSynchronizedRootGroup;
			exceptions = (
				D822E4312E367D8F00B02649 /* Exceptions for "healthdata-extract" folder in "healthdata-extract" target */,
			);
			path = "healthdata-extract";
			sourceTree = "<group>";
		};
		D822E4162E3676D900B02649 /* healthdata-extractTests */ = {
			isa = PBXFileSystemSynchronizedRootGroup;
			path = "healthdata-extractTests";
			sourceTree = "<group>";
		};
		D822E4202E3676D900B02649 /* healthdata-extractUITests */ = {
			isa = PBXFileSystemSynchronizedRootGroup;
			path = "healthdata-extractUITests";
			sourceTree = "<group>";
		};
/* End PBXFileSystemSynchronizedRootGroup section */

/* Begin PBXFrameworksBuildPhase section */
		D822E4022E3676D800B02649 /* Frameworks */ = {
			isa = PBXFrameworksBuildPhase;
			buildActionMask = 2147483647;
			files = (
			);
			runOnlyForDeploymentPostprocessing = 0;
		};
		D822E4102E3676D900B02649 /* Frameworks */ = {
			isa = PBXFrameworksBuildPhase;
			buildActionMask = 2147483647;
			files = (
			);
			runOnlyForDeploymentPostprocessing = 0;
		};
		D822E41A2E3676D900B02649 /* Frameworks */ = {
			isa = PBXFrameworksBuildPhase;
			buildActionMask = 2147483647;
			files = (
			);
			runOnlyForDeploymentPostprocessing = 0;
		};
/* End PBXFrameworksBuildPhase section */

/* Begin PBXGroup section */
		D822E3FC2E3676D800B02649 = {
			isa = PBXGroup;
			children = (
				D822E4322E37753900B02649 /* CSVExporter.swift */,
				D822E4072E3676D800B02649 /* healthdata-extract */,
				D822E4162E3676D900B02649 /* healthdata-extractTests */,
				D822E4202E3676D900B02649 /* healthdata-extractUITests */,
				D822E4062E3676D800B02649 /* Products */,
			);
			sourceTree = "<group>";
		};
		D822E4062E3676D800B02649 /* Products */ = {
			isa = PBXGroup;
			children = (
				D822E4052E3676D800B02649 /* healthdata-extract.app */,
				D822E4132E3676D900B02649 /* healthdata-extractTests.xctest */,
				D822E41D2E3676D900B02649 /* healthdata-extractUITests.xctest */,
			);
			name = Products;
			sourceTree = "<group>";
		};
/* End PBXGroup section */

/* Begin PBXNativeTarget section */
		D822E4042E3676D800B02649 /* healthdata-extract */ = {
			isa = PBXNativeTarget;
			buildConfigurationList = D822E4272E3676D900B02649 /* Build configuration list for PBXNativeTarget "healthdata-extract" */;
			buildPhases = (
				D822E4012E3676D800B02649 /* Sources */,
				D822E4022E3676D800B02649 /* Frameworks */,
				D822E4032E3676D800B02649 /* Resources */,
			);
			buildRules = (
			);
			dependencies = (
			);
			fileSystemSynchronizedGroups = (
				D822E4072E3676D800B02649 /* healthdata-extract */,
			);
			name = "healthdata-extract";
			packageProductDependencies = (
			);
			productName = "healthdata-extract";
			productReference = D822E4052E3676D800B02649 /* healthdata-extract.app */;
			productType = "com.apple.product-type.application";
		};
		D822E4122E3676D900B02649 /* healthdata-extractTests */ = {
			isa = PBXNativeTarget;
			buildConfigurationList = D822E42A2E3676D900B02649 /* Build configuration list for PBXNativeTarget "healthdata-extractTests" */;
			buildPhases = (
				D822E40F2E3676D900B02649 /* Sources */,
				D822E4102E3676D900B02649 /* Frameworks */,
				D822E4112E3676D900B02649 /* Resources */,
			);
			buildRules = (
			);
			dependencies = (
				D822E4152E3676D900B02649 /* PBXTargetDependency */,
			);
			fileSystemSynchronizedGroups = (
				D822E4162E3676D900B02649 /* healthdata-extractTests */,
			);
			name = "healthdata-extractTests";
			packageProductDependencies = (
			);
			productName = "healthdata-extractTests";
			productReference = D822E4132E3676D900B02649 /* healthdata-extractTests.xctest */;
			productType = "com.apple.product-type.bundle.unit-test";
		};
		D822E41C2E3676D900B02649 /* healthdata-extractUITests */ = {
			isa = PBXNativeTarget;
			buildConfigurationList = D822E42D2E3676D900B02649 /* Build configuration list for PBXNativeTarget "healthdata-extractUITests" */;
			buildPhases = (
				D822E4192E3676D900B02649 /* Sources */,
				D822E41A2E3676D900B02649 /* Frameworks */,
				D822E41B2E3676D900B02649 /* Resources */,
			);
			buildRules = (
			);
			dependencies = (
				D822E41F2E3676D900B02649 /* PBXTargetDependency */,
			);
			fileSystemSynchronizedGroups = (
				D822E4202E3676D900B02649 /* healthdata-extractUITests */,
			);
			name = "healthdata-extractUITests";
			packageProductDependencies = (
			);
			productName = "healthdata-extractUITests";
			productReference = D822E41D2E3676D900B02649 /* healthdata-extractUITests.xctest */;
			productType = "com.apple.product-type.bundle.ui-testing";
		};
/* End PBXNativeTarget section */

/* Begin PBXProject section */
		D822E3FD2E3676D800B02649 /* Project object */ = {
			isa = PBXProject;
			attributes = {
				BuildIndependentTargetsInParallel = 1;
				LastSwiftUpdateCheck = 1640;
				LastUpgradeCheck = 1640;
				TargetAttributes = {
					D822E4042E3676D800B02649 = {
						CreatedOnToolsVersion = 16.4;
					};
					D822E4122E3676D900B02649 = {
						CreatedOnToolsVersion = 16.4;
						TestTargetID = D822E4042E3676D800B02649;
					};
					D822E41C2E3676D900B02649 = {
						CreatedOnToolsVersion = 16.4;
						TestTargetID = D822E4042E3676D800B02649;
					};
				};
			};
			buildConfigurationList = D822E4002E3676D800B02649 /* Build configuration list for PBXProject "healthdata-extract" */;
			developmentRegion = en;
			hasScannedForEncodings = 0;
			knownRegions = (
				en,
				Base,
			);
			mainGroup = D822E3FC2E3676D800B02649;
			minimizedProjectReferenceProxies = 1;
			preferredProjectObjectVersion = 77;
			productRefGroup = D822E4062E3676D800B02649 /* Products */;
			projectDirPath = "";
			projectRoot = "";
			targets = (
				D822E4042E3676D800B02649 /* healthdata-extract */,
				D822E4122E3676D900B02649 /* healthdata-extractTests */,
				D822E41C2E3676D900B02649 /* healthdata-extractUITests */,
			);
		};
/* End PBXProject section */

/* Begin PBXResourcesBuildPhase section */
		D822E4032E3676D800B02649 /* Resources */ = {
			isa = PBXResourcesBuildPhase;
			buildActionMask = 2147483647;
			files = (
			);
			runOnlyForDeploymentPostprocessing = 0;
		};
		D822E4112E3676D900B02649 /* Resources */ = {
			isa = PBXResourcesBuildPhase;
			buildActionMask = 2147483647;
			files = (
			);
			runOnlyForDeploymentPostprocessing = 0;
		};
		D822E41B2E3676D900B02649 /* Resources */ = {
			isa = PBXResourcesBuildPhase;
			buildActionMask = 2147483647;
			files = (
			);
			runOnlyForDeploymentPostprocessing = 0;
		};
/* End PBXResourcesBuildPhase section */

/* Begin PBXSourcesBuildPhase section */
		D822E4012E3676D800B02649 /* Sources */ = {
			isa = PBXSourcesBuildPhase;
			buildActionMask = 2147483647;
			files = (
				D822E4332E37753900B02649 /* CSVExporter.swift in Sources */,
			);
			runOnlyForDeploymentPostprocessing = 0;
		};
		D822E40F2E3676D900B02649 /* Sources */ = {
			isa = PBXSourcesBuildPhase;
			buildActionMask = 2147483647;
			files = (
			);
			runOnlyForDeploymentPostprocessing = 0;
		};
		D822E4192E3676D900B02649 /* Sources */ = {
			isa = PBXSourcesBuildPhase;
			buildActionMask = 2147483647;
			files = (
			);
			runOnlyForDeploymentPostprocessing = 0;
		};
/* End PBXSourcesBuildPhase section */

/* Begin PBXTargetDependency section */
		D822E4152E3676D900B02649 /* PBXTargetDependency */ = {
			isa = PBXTargetDependency;
			target = D822E4042E3676D800B02649 /* healthdata-extract */;
			targetProxy = D822E4142E3676D900B02649 /* PBXContainerItemProxy */;
		};
		D822E41F2E3676D900B02649 /* PBXTargetDependency */ = {
			isa = PBXTargetDependency;
			target = D822E4042E3676D800B02649 /* healthdata-extract */;
			targetProxy = D822E41E2E3676D900B02649 /* PBXContainerItemProxy */;
		};
/* End PBXTargetDependency section */

/* Begin XCBuildConfiguration section */
		D822E4252E3676D900B02649 /* Debug */ = {
			isa = XCBuildConfiguration;
			buildSettings = {
				ALWAYS_SEARCH_USER_PATHS = NO;
				ASSETCATALOG_COMPILER_GENERATE_SWIFT_ASSET_SYMBOL_EXTENSIONS = YES;
				CLANG_ANALYZER_NONNULL = YES;
				CLANG_ANALYZER_NUMBER_OBJECT_CONVERSION = YES_AGGRESSIVE;
				CLANG_CXX_LANGUAGE_STANDARD = "gnu++20";
				CLANG_ENABLE_MODULES = YES;
				CLANG_ENABLE_OBJC_ARC = YES;
				CLANG_ENABLE_OBJC_WEAK = YES;
				CLANG_WARN_BLOCK_CAPTURE_AUTORELEASING = YES;
				CLANG_WARN_BOOL_CONVERSION = YES;
				CLANG_WARN_COMMA = YES;
				CLANG_WARN_CONSTANT_CONVERSION = YES;
				CLANG_WARN_DEPRECATED_OBJC_IMPLEMENTATIONS = YES;
				CLANG_WARN_DIRECT_OBJC_ISA_USAGE = YES_ERROR;
				CLANG_WARN_DOCUMENTATION_COMMENTS = YES;
				CLANG_WARN_EMPTY_BODY = YES;
				CLANG_WARN_ENUM_CONVERSION = YES;
				CLANG_WARN_INFINITE_RECURSION = YES;
				CLANG_WARN_INT_CONVERSION = YES;
				CLANG_WARN_NON_LITERAL_NULL_CONVERSION = YES;
				CLANG_WARN_OBJC_IMPLICIT_RETAIN_SELF = YES;
				CLANG_WARN_OBJC_LITERAL_CONVERSION = YES;
				CLANG_WARN_OBJC_ROOT_CLASS = YES_ERROR;
				CLANG_WARN_QUOTED_INCLUDE_IN_FRAMEWORK_HEADER = YES;
				CLANG_WARN_RANGE_LOOP_ANALYSIS = YES;
				CLANG_WARN_STRICT_PROTOTYPES = YES;
				CLANG_WARN_SUSPICIOUS_MOVE = YES;
				CLANG_WARN_UNGUARDED_AVAILABILITY = YES_AGGRESSIVE;
				CLANG_WARN_UNREACHABLE_CODE = YES;
				CLANG_WARN__DUPLICATE_METHOD_MATCH = YES;
				COPY_PHASE_STRIP = NO;
				DEBUG_INFORMATION_FORMAT = dwarf;
				ENABLE_STRICT_OBJC_MSGSEND = YES;
				ENABLE_TESTABILITY = YES;
				ENABLE_USER_SCRIPT_SANDBOXING = YES;
				GCC_C_LANGUAGE_STANDARD = gnu17;
				GCC_DYNAMIC_NO_PIC = NO;
				GCC_NO_COMMON_BLOCKS = YES;
				GCC_OPTIMIZATION_LEVEL = 0;
				GCC_PREPROCESSOR_DEFINITIONS = (
					"DEBUG=1",
					"$(inherited)",
				);
				GCC_WARN_64_TO_32_BIT_CONVERSION = YES;
				GCC_WARN_ABOUT_RETURN_TYPE = YES_ERROR;
				GCC_WARN_UNDECLARED_SELECTOR = YES;
				GCC_WARN_UNINITIALIZED_AUTOS = YES_AGGRESSIVE;
				GCC_WARN_UNUSED_FUNCTION = YES;
				GCC_WARN_UNUSED_VARIABLE = YES;
				LOCALIZATION_PREFERS_STRING_CATALOGS = YES;
				MTL_ENABLE_DEBUG_INFO = INCLUDE_SOURCE;
				MTL_FAST_MATH = YES;
				ONLY_ACTIVE_ARCH = YES;
				SWIFT_ACTIVE_COMPILATION_CONDITIONS = "DEBUG $(inherited)";
				SWIFT_OPTIMIZATION_LEVEL = "-Onone";
			};
			name = Debug;
		};
		D822E4262E3676D900B02649 /* Release */ = {
			isa = XCBuildConfiguration;
			buildSettings = {
				ALWAYS_SEARCH_USER_PATHS = NO;
				ASSETCATALOG_COMPILER_GENERATE_SWIFT_ASSET_SYMBOL_EXTENSIONS = YES;
				CLANG_ANALYZER_NONNULL = YES;
				CLANG_ANALYZER_NUMBER_OBJECT_CONVERSION = YES_AGGRESSIVE;
				CLANG_CXX_LANGUAGE_STANDARD = "gnu++20";
				CLANG_ENABLE_MODULES = YES;
				CLANG_ENABLE_OBJC_ARC = YES;
				CLANG_ENABLE_OBJC_WEAK = YES;
				CLANG_WARN_BLOCK_CAPTURE_AUTORELEASING = YES;
				CLANG_WARN_BOOL_CONVERSION = YES;
				CLANG_WARN_COMMA = YES;
				CLANG_WARN_CONSTANT_CONVERSION = YES;
				CLANG_WARN_DEPRECATED_OBJC_IMPLEMENTATIONS = YES;
				CLANG_WARN_DIRECT_OBJC_ISA_USAGE = YES_ERROR;
				CLANG_WARN_DOCUMENTATION_COMMENTS = YES;
				CLANG_WARN_EMPTY_BODY = YES;
				CLANG_WARN_ENUM_CONVERSION = YES;
				CLANG_WARN_INFINITE_RECURSION = YES;
				CLANG_WARN_INT_CONVERSION = YES;
				CLANG_WARN_NON_LITERAL_NULL_CONVERSION = YES;
				CLANG_WARN_OBJC_IMPLICIT_RETAIN_SELF = YES;
				CLANG_WARN_OBJC_LITERAL_CONVERSION = YES;
				CLANG_WARN_OBJC_ROOT_CLASS = YES_ERROR;
				CLANG_WARN_QUOTED_INCLUDE_IN_FRAMEWORK_HEADER = YES;
				CLANG_WARN_RANGE_LOOP_ANALYSIS = YES;
				CLANG_WARN_STRICT_PROTOTYPES = YES;
				CLANG_WARN_SUSPICIOUS_MOVE = YES;
				CLANG_WARN_UNGUARDED_AVAILABILITY = YES_AGGRESSIVE;
				CLANG_WARN_UNREACHABLE_CODE = YES;
				CLANG_WARN__DUPLICATE_METHOD_MATCH = YES;
				COPY_PHASE_STRIP = NO;
				DEBUG_INFORMATION_FORMAT = "dwarf-with-dsym";
				ENABLE_NS_ASSERTIONS = NO;
				ENABLE_STRICT_OBJC_MSGSEND = YES;
				ENABLE_USER_SCRIPT_SANDBOXING = YES;
				GCC_C_LANGUAGE_STANDARD = gnu17;
				GCC_NO_COMMON_BLOCKS = YES;
				GCC_WARN_64_TO_32_BIT_CONVERSION = YES;
				GCC_WARN_ABOUT_RETURN_TYPE = YES_ERROR;
				GCC_WARN_UNDECLARED_SELECTOR = YES;
				GCC_WARN_UNINITIALIZED_AUTOS = YES_AGGRESSIVE;
				GCC_WARN_UNUSED_FUNCTION = YES;
				GCC_WARN_UNUSED_VARIABLE = YES;
				LOCALIZATION_PREFERS_STRING_CATALOGS = YES;
				MTL_ENABLE_DEBUG_INFO = NO;
				MTL_FAST_MATH = YES;
				SWIFT_COMPILATION_MODE = wholemodule;
			};
			name = Release;
		};
		D822E4282E3676D900B02649 /* Debug */ = {
			isa = XCBuildConfiguration;
			buildSettings = {
				ASSETCATALOG_COMPILER_APPICON_NAME = AppIcon;
				ASSETCATALOG_COMPILER_GLOBAL_ACCENT_COLOR_NAME = AccentColor;
				CODE_SIGN_ENTITLEMENTS = "healthdata-extract/healthdata_extract.entitlements";
				CODE_SIGN_STYLE = Automatic;
				CURRENT_PROJECT_VERSION = 1;
				ENABLE_PREVIEWS = YES;
				GENERATE_INFOPLIST_FILE = YES;
				"INFOPLIST_KEY_UIApplicationSceneManifest_Generation[sdk=iphoneos*]" = YES;
				"INFOPLIST_KEY_UIApplicationSceneManifest_Generation[sdk=iphonesimulator*]" = YES;
				"INFOPLIST_KEY_UIApplicationSupportsIndirectInputEvents[sdk=iphoneos*]" = YES;
				"INFOPLIST_KEY_UIApplicationSupportsIndirectInputEvents[sdk=iphonesimulator*]" = YES;
				"INFOPLIST_KEY_UILaunchScreen_Generation[sdk=iphoneos*]" = YES;
				"INFOPLIST_KEY_UILaunchScreen_Generation[sdk=iphonesimulator*]" = YES;
				"INFOPLIST_KEY_UIStatusBarStyle[sdk=iphoneos*]" = UIStatusBarStyleDefault;
				"INFOPLIST_KEY_UIStatusBarStyle[sdk=iphonesimulator*]" = UIStatusBarStyleDefault;
				INFOPLIST_KEY_UISupportedInterfaceOrientations_iPad = "UIInterfaceOrientationPortrait UIInterfaceOrientationPortraitUpsideDown UIInterfaceOrientationLandscapeLeft UIInterfaceOrientationLandscapeRight";
				INFOPLIST_KEY_UISupportedInterfaceOrientations_iPhone = "UIInterfaceOrientationPortrait UIInterfaceOrientationLandscapeLeft UIInterfaceOrientationLandscapeRight";
				IPHONEOS_DEPLOYMENT_TARGET = 18.5;
				LD_RUNPATH_SEARCH_PATHS = "@executable_path/Frameworks";
				"LD_RUNPATH_SEARCH_PATHS[sdk=macosx*]" = "@executable_path/../Frameworks";
				MACOSX_DEPLOYMENT_TARGET = 15.5;
				MARKETING_VERSION = 1.0;
				PRODUCT_BUNDLE_IDENTIFIER = "safestorage.healthdata-extract";
				PRODUCT_NAME = "$(TARGET_NAME)";
				REGISTER_APP_GROUPS = YES;
				SDKROOT = auto;
				SUPPORTED_PLATFORMS = "iphoneos iphonesimulator macosx xros xrsimulator";
				SWIFT_EMIT_LOC_STRINGS = YES;
				SWIFT_VERSION = 5.0;
				TARGETED_DEVICE_FAMILY = "1,2,7";
				XROS_DEPLOYMENT_TARGET = 2.5;
			};
			name = Debug;
		};
		D822E4292E3676D900B02649 /* Release */ = {
			isa = XCBuildConfiguration;
			buildSettings = {
				ASSETCATALOG_COMPILER_APPICON_NAME = AppIcon;
				ASSETCATALOG_COMPILER_GLOBAL_ACCENT_COLOR_NAME = AccentColor;
				CODE_SIGN_ENTITLEMENTS = "healthdata-extract/healthdata_extract.entitlements";
				CODE_SIGN_STYLE = Automatic;
				CURRENT_PROJECT_VERSION = 1;
				ENABLE_PREVIEWS = YES;
				GENERATE_INFOPLIST_FILE = YES;
				"INFOPLIST_KEY_UIApplicationSceneManifest_Generation[sdk=iphoneos*]" = YES;
				"INFOPLIST_KEY_UIApplicationSceneManifest_Generation[sdk=iphonesimulator*]" = YES;
				"INFOPLIST_KEY_UIApplicationSupportsIndirectInputEvents[sdk=iphoneos*]" = YES;
				"INFOPLIST_KEY_UIApplicationSupportsIndirectInputEvents[sdk=iphonesimulator*]" = YES;
				"INFOPLIST_KEY_UILaunchScreen_Generation[sdk=iphoneos*]" = YES;
				"INFOPLIST_KEY_UILaunchScreen_Generation[sdk=iphonesimulator*]" = YES;
				"INFOPLIST_KEY_UIStatusBarStyle[sdk=iphoneos*]" = UIStatusBarStyleDefault;
				"INFOPLIST_KEY_UIStatusBarStyle[sdk=iphonesimulator*]" = UIStatusBarStyleDefault;
				INFOPLIST_KEY_UISupportedInterfaceOrientations_iPad = "UIInterfaceOrientationPortrait UIInterfaceOrientationPortraitUpsideDown UIInterfaceOrientationLandscapeLeft UIInterfaceOrientationLandscapeRight";
				INFOPLIST_KEY_UISupportedInterfaceOrientations_iPhone = "UIInterfaceOrientationPortrait UIInterfaceOrientationLandscapeLeft UIInterfaceOrientationLandscapeRight";
				IPHONEOS_DEPLOYMENT_TARGET = 18.5;
				LD_RUNPATH_SEARCH_PATHS = "@executable_path/Frameworks";
				"LD_RUNPATH_SEARCH_PATHS[sdk=macosx*]" = "@executable_path/../Frameworks";
				MACOSX_DEPLOYMENT_TARGET = 15.5;
				MARKETING_VERSION = 1.0;
				PRODUCT_BUNDLE_IDENTIFIER = "safestorage.healthdata-extract";
				PRODUCT_NAME = "$(TARGET_NAME)";
				REGISTER_APP_GROUPS = YES;
				SDKROOT = auto;
				SUPPORTED_PLATFORMS = "iphoneos iphonesimulator macosx xros xrsimulator";
				SWIFT_EMIT_LOC_STRINGS = YES;
				SWIFT_VERSION = 5.0;
				TARGETED_DEVICE_FAMILY = "1,2,7";
				XROS_DEPLOYMENT_TARGET = 2.5;
			};
			name = Release;
		};
		D822E42B2E3676D900B02649 /* Debug */ = {
			isa = XCBuildConfiguration;
			buildSettings = {
				BUNDLE_LOADER = "$(TEST_HOST)";
				CODE_SIGN_STYLE = Automatic;
				CURRENT_PROJECT_VERSION = 1;
				GENERATE_INFOPLIST_FILE = YES;
				IPHONEOS_DEPLOYMENT_TARGET = 18.5;
				MACOSX_DEPLOYMENT_TARGET = 15.5;
				MARKETING_VERSION = 1.0;
				PRODUCT_BUNDLE_IDENTIFIER = "safestorage.healthdata-extractTests";
				PRODUCT_NAME = "$(TARGET_NAME)";
				SDKROOT = auto;
				SUPPORTED_PLATFORMS = "iphoneos iphonesimulator macosx xros xrsimulator";
				SWIFT_EMIT_LOC_STRINGS = NO;
				SWIFT_VERSION = 5.0;
				TARGETED_DEVICE_FAMILY = "1,2,7";
				TEST_HOST = "$(BUILT_PRODUCTS_DIR)/healthdata-extract.app/$(BUNDLE_EXECUTABLE_FOLDER_PATH)/healthdata-extract";
				XROS_DEPLOYMENT_TARGET = 2.5;
			};
			name = Debug;
		};
		D822E42C2E3676D900B02649 /* Release */ = {
			isa = XCBuildConfiguration;
			buildSettings = {
				BUNDLE_LOADER = "$(TEST_HOST)";
				CODE_SIGN_STYLE = Automatic;
				CURRENT_PROJECT_VERSION = 1;
				GENERATE_INFOPLIST_FILE = YES;
				IPHONEOS_DEPLOYMENT_TARGET = 18.5;
				MACOSX_DEPLOYMENT_TARGET = 15.5;
				MARKETING_VERSION = 1.0;
				PRODUCT_BUNDLE_IDENTIFIER = "safestorage.healthdata-extractTests";
				PRODUCT_NAME = "$(TARGET_NAME)";
				SDKROOT = auto;
				SUPPORTED_PLATFORMS = "iphoneos iphonesimulator macosx xros xrsimulator";
				SWIFT_EMIT_LOC_STRINGS = NO;
				SWIFT_VERSION = 5.0;
				TARGETED_DEVICE_FAMILY = "1,2,7";
				TEST_HOST = "$(BUILT_PRODUCTS_DIR)/healthdata-extract.app/$(BUNDLE_EXECUTABLE_FOLDER_PATH)/healthdata-extract";
				XROS_DEPLOYMENT_TARGET = 2.5;
			};
			name = Release;
		};
		D822E42E2E3676D900B02649 /* Debug */ = {
			isa = XCBuildConfiguration;
			buildSettings = {
				CODE_SIGN_STYLE = Automatic;
				CURRENT_PROJECT_VERSION = 1;
				GENERATE_INFOPLIST_FILE = YES;
				IPHONEOS_DEPLOYMENT_TARGET = 18.5;
				MACOSX_DEPLOYMENT_TARGET = 15.5;
				MARKETING_VERSION = 1.0;
				PRODUCT_BUNDLE_IDENTIFIER = "safestorage.healthdata-extractUITests";
				PRODUCT_NAME = "$(TARGET_NAME)";
				SDKROOT = auto;
				SUPPORTED_PLATFORMS = "iphoneos iphonesimulator macosx xros xrsimulator";
				SWIFT_EMIT_LOC_STRINGS = NO;
				SWIFT_VERSION = 5.0;
				TARGETED_DEVICE_FAMILY = "1,2,7";
				TEST_TARGET_NAME = "healthdata-extract";
				XROS_DEPLOYMENT_TARGET = 2.5;
			};
			name = Debug;
		};
		D822E42F2E3676D900B02649 /* Release */ = {
			isa = XCBuildConfiguration;
			buildSettings = {
				CODE_SIGN_STYLE = Automatic;
				CURRENT_PROJECT_VERSION = 1;
				GENERATE_INFOPLIST_FILE = YES;
				IPHONEOS_DEPLOYMENT_TARGET = 18.5;
				MACOSX_DEPLOYMENT_TARGET = 15.5;
				MARKETING_VERSION = 1.0;
				PRODUCT_BUNDLE_IDENTIFIER = "safestorage.healthdata-extractUITests";
				PRODUCT_NAME = "$(TARGET_NAME)";
				SDKROOT = auto;
				SUPPORTED_PLATFORMS = "iphoneos iphonesimulator macosx xros xrsimulator";
				SWIFT_EMIT_LOC_STRINGS = NO;
				SWIFT_VERSION = 5.0;
				TARGETED_DEVICE_FAMILY = "1,2,7";
				TEST_TARGET_NAME = "healthdata-extract";
				XROS_DEPLOYMENT_TARGET = 2.5;
			};
			name = Release;
		};
/* End XCBuildConfiguration section */

/* Begin XCConfigurationList section */
		D822E4002E3676D800B02649 /* Build configuration list for PBXProject "healthdata-extract" */ = {
			isa = XCConfigurationList;
			buildConfigurations = (
				D822E4252E3676D900B02649 /* Debug */,
				D822E4262E3676D900B02649 /* Release */,
			);
			defaultConfigurationIsVisible = 0;
			defaultConfigurationName = Release;
		};
		D822E4272E3676D900B02649 /* Build configuration list for PBXNativeTarget "healthdata-extract" */ = {
			isa = XCConfigurationList;
			buildConfigurations = (
				D822E4282E3676D900B02649 /* Debug */,
				D822E4292E3676D900B02649 /* Release */,
			);
			defaultConfigurationIsVisible = 0;
			defaultConfigurationName = Release;
		};
		D822E42A2E3676D900B02649 /* Build configuration list for PBXNativeTarget "healthdata-extractTests" */ = {
			isa = XCConfigurationList;
			buildConfigurations = (
				D822E42B2E3676D900B02649 /* Debug */,
				D822E42C2E3676D900B02649 /* Release */,
			);
			defaultConfigurationIsVisible = 0;
			defaultConfigurationName = Release;
		};
		D822E42D2E3676D900B02649 /* Build configuration list for PBXNativeTarget "healthdata-extractUITests" */ = {
			isa = XCConfigurationList;
			buildConfigurations = (
				D822E42E2E3676D900B02649 /* Debug */,
				D822E42F2E3676D900B02649 /* Release */,
			);
			defaultConfigurationIsVisible = 0;
			defaultConfigurationName = Release;
		};
/* End XCConfigurationList section */
	};
	rootObject = D822E3FD2E3676D800B02649 /* Project object */;
}
